
Microsoft Visual Studio Solution File, Format Version 12.00
# Visual Studio Version 17
VisualStudioVersion = 17.5.002.0
MinimumVisualStudioVersion = 10.0.40219.1
Project("{9A19103F-16F7-4668-BE54-9A1E7A4F7556}") = "Starter", "Starter.csproj", "{CFAD2D68-46AC-431B-B2E0-FCBA0CB845EE}"
EndProject
Global
	GlobalSection(SolutionConfigurationPlatforms) = preSolution
		Debug|Any CPU = Debug|Any CPU
		Release|Any CPU = Release|Any CPU
	EndGlobalSection
	GlobalSection(ProjectConfigurationPlatforms) = postSolution
		{CFAD2D68-46AC-431B-B2E0-FCBA0CB845EE}.Debug|Any CPU.ActiveCfg = Debug|Any CPU
		{CFAD2D68-46AC-431B-B2E0-FCBA0CB845EE}.Debug|Any CPU.Build.0 = Debug|Any CPU
		{CFAD2D68-46AC-431B-B2E0-FCBA0CB845EE}.Release|Any CPU.ActiveCfg = Release|Any CPU
		{CFAD2D68-46AC-431B-B2E0-FCBA0CB845EE}.Release|Any CPU.Build.0 = Release|Any CPU
	EndGlobalSection
	GlobalSection(SolutionProperties) = preSolution
		HideSolutionNode = FALSE
	EndGlobalSection
	GlobalSection(ExtensibilityGlobals) = postSolution
		SolutionGuid = {0113F564-DEC7-4955-88A3-609E69FFC38F}
	EndGlobalSection
EndGlobal
